
Microsoft Visual Studio Solution File, Format Version 12.00
# Visual Studio Version 17
VisualStudioVersion = 17.9.34728.123
MinimumVisualStudioVersion = 10.0.40219.1
Project("{FAE04EC0-301F-11D3-BF4B-00C04F79EFBC}") = "SkipFight", "SkipFight\SkipFight.csproj", "{F67A316E-3323-4B71-8CC2-53DF3A676ACD}"
EndProject
Global
	GlobalSection(SolutionConfigurationPlatforms) = preSolution
		Debug|Any CPU = Debug|Any CPU
		Release|Any CPU = Release|Any CPU
	EndGlobalSection
	GlobalSection(ProjectConfigurationPlatforms) = postSolution
		{F67A316E-3323-4B71-8CC2-53DF3A676ACD}.Debug|Any CPU.ActiveCfg = Debug|Any CPU
		{F67A316E-3323-4B71-8CC2-53DF3A676ACD}.Debug|Any CPU.Build.0 = Debug|Any CPU
		{F67A316E-3323-4B71-8CC2-53DF3A676ACD}.Release|Any CPU.ActiveCfg = Release|Any CPU
		{F67A316E-3323-4B71-8CC2-53DF3A676ACD}.Release|Any CPU.Build.0 = Release|Any CPU
	EndGlobalSection
	GlobalSection(SolutionProperties) = preSolution
		HideSolutionNode = FALSE
	EndGlobalSection
	GlobalSection(ExtensibilityGlobals) = postSolution
		SolutionGuid = {29257DF3-54B7-4E14-9D7E-2C62C5146D62}
	EndGlobalSection
EndGlobal
